{
    "name": "larchier",
    "version": "1.0.0-beta",
    "lockfileVersion": 3,
    "requires": true,
    "packages": {
        "": {
            "name": "larchier",
            "version": "1.0.0-beta",
            "license": "MIT",
            "dependencies": {
                "chalk": "^5.3.0",
                "commander": "^12.1.0",
                "fast-glob": "^3.3.2",
                "ora": "^8.1.0",
                "prompts": "^2.4.2",
                "uuid": "^10.0.0",
                "yauzl-promise": "^4.0.0"
            },
            "bin": {
                "larchier": "src/bin.js"
            },
            "devDependencies": {
                "@types/adm-zip": "^0.5.5",
                "@types/node": "^22.7.7",
                "@types/yargs": "^17.0.33",
                "@types/yauzl-promise": "^4.0.1"
            }
        },
        "node_modules/@babel/runtime": {
            "version": "7.25.7",
            "resolved": "https://registry.npmjs.org/@babel/runtime/-/runtime-7.25.7.tgz",
            "integrity": "sha512-FjoyLe754PMiYsFaN5C94ttGiOmBNYTf6pLr4xXHAT5uctHb092PBszndLDR5XA/jghQvn4n7JMHl7dmTgbm9w==",
            "dependencies": {
                "regenerator-runtime": "^0.14.0"
            },
            "engines": {
                "node": ">=6.9.0"
            }
        },
        "node_modules/@emnapi/core": {
            "version": "1.3.0",
            "resolved": "https://registry.npmjs.org/@emnapi/core/-/core-1.3.0.tgz",
            "integrity": "sha512-9hRqVlhwqBqCoToZ3hFcNVqL+uyHV06Y47ax4UB8L6XgVRqYz7MFnfessojo6+5TK89pKwJnpophwjTMOeKI9Q==",
            "optional": true,
            "dependencies": {
                "@emnapi/wasi-threads": "1.0.1",
                "tslib": "^2.4.0"
            }
        },
        "node_modules/@emnapi/runtime": {
            "version": "1.3.0",
            "resolved": "https://registry.npmjs.org/@emnapi/runtime/-/runtime-1.3.0.tgz",
            "integrity": "sha512-XMBySMuNZs3DM96xcJmLW4EfGnf+uGmFNjzpehMjuX5PLB5j87ar2Zc4e3PVeZ3I5g3tYtAqskB28manlF69Zw==",
            "optional": true,
            "dependencies": {
                "tslib": "^2.4.0"
            }
        },
        "node_modules/@emnapi/wasi-threads": {
            "version": "1.0.1",
            "resolved": "https://registry.npmjs.org/@emnapi/wasi-threads/-/wasi-threads-1.0.1.tgz",
            "integrity": "sha512-iIBu7mwkq4UQGeMEM8bLwNK962nXdhodeScX4slfQnRhEMMzvYivHhutCIk8uojvmASXXPC2WNEjwxFWk72Oqw==",
            "optional": true,
            "dependencies": {
                "tslib": "^2.4.0"
            }
        },
        "node_modules/@napi-rs/wasm-runtime": {
            "version": "0.2.5",
            "resolved": "https://registry.npmjs.org/@napi-rs/wasm-runtime/-/wasm-runtime-0.2.5.tgz",
            "integrity": "sha512-kwUxR7J9WLutBbulqg1dfOrMTwhMdXLdcGUhcbCcGwnPLt3gz19uHVdwH1syKVDbE022ZS2vZxOWflFLS0YTjw==",
            "optional": true,
            "dependencies": {
                "@emnapi/core": "^1.1.0",
                "@emnapi/runtime": "^1.1.0",
                "@tybys/wasm-util": "^0.9.0"
            }
        },
        "node_modules/@node-rs/crc32": {
            "version": "1.10.4",
            "resolved": "https://registry.npmjs.org/@node-rs/crc32/-/crc32-1.10.4.tgz",
            "integrity": "sha512-R1kX9t4Bz1gkNZUcI967bp91+HIoCJa7p11xvBAU9INUvTC1XsOs5mnGq+LE+UOHKUKmE3pOLHLVuoRo4pM3Fg==",
            "engines": {
                "node": ">= 10"
            },
            "funding": {
                "type": "github",
                "url": "https://github.com/sponsors/Brooooooklyn"
            },
            "optionalDependencies": {
                "@node-rs/crc32-android-arm-eabi": "1.10.4",
                "@node-rs/crc32-android-arm64": "1.10.4",
                "@node-rs/crc32-darwin-arm64": "1.10.4",
                "@node-rs/crc32-darwin-x64": "1.10.4",
                "@node-rs/crc32-freebsd-x64": "1.10.4",
                "@node-rs/crc32-linux-arm-gnueabihf": "1.10.4",
                "@node-rs/crc32-linux-arm64-gnu": "1.10.4",
                "@node-rs/crc32-linux-arm64-musl": "1.10.4",
                "@node-rs/crc32-linux-x64-gnu": "1.10.4",
                "@node-rs/crc32-linux-x64-musl": "1.10.4",
                "@node-rs/crc32-wasm32-wasi": "1.10.4",
                "@node-rs/crc32-win32-arm64-msvc": "1.10.4",
                "@node-rs/crc32-win32-ia32-msvc": "1.10.4",
                "@node-rs/crc32-win32-x64-msvc": "1.10.4"
            }
        },
        "node_modules/@node-rs/crc32-android-arm-eabi": {
            "version": "1.10.4",
            "resolved": "https://registry.npmjs.org/@node-rs/crc32-android-arm-eabi/-/crc32-android-arm-eabi-1.10.4.tgz",
            "integrity": "sha512-xnfEDpxPU/tVFEOTwKF8N3F7NreAk0J/o+JhRiaeS5IYQD7rFsdmgzcWi7MpggzFq5ETNM1z/f+YD9OPump8yg==",
            "cpu": [
                "arm"
            ],
            "optional": true,
            "os": [
                "android"
            ],
            "engines": {
                "node": ">= 10"
            }
        },
        "node_modules/@node-rs/crc32-android-arm64": {
            "version": "1.10.4",
            "resolved": "https://registry.npmjs.org/@node-rs/crc32-android-arm64/-/crc32-android-arm64-1.10.4.tgz",
            "integrity": "sha512-4myv2lydjPgw1Vn1AzyTPWwJlU7k7hoP7nsXn0ibQxjIknD/r05G7GJziTFL4T9sAfM3b4MephfgnRDA66gPjA==",
            "cpu": [
                "arm64"
            ],
            "optional": true,
            "os": [
                "android"
            ],
            "engines": {
                "node": ">= 10"
            }
        },
        "node_modules/@node-rs/crc32-darwin-arm64": {
            "version": "1.10.4",
            "resolved": "https://registry.npmjs.org/@node-rs/crc32-darwin-arm64/-/crc32-darwin-arm64-1.10.4.tgz",
            "integrity": "sha512-x1ggDiiojMpaY4Xf9A5JRLxA3L6ezDiVqtItsXrf8edG/SvlLEmSYPWHpswgKjd4LcGuL3AZrKNcvAi59bCTsQ==",
            "cpu": [
                "arm64"
            ],
            "optional": true,
            "os": [
                "darwin"
            ],
            "engines": {
                "node": ">= 10"
            }
        },
        "node_modules/@node-rs/crc32-darwin-x64": {
            "version": "1.10.4",
            "resolved": "https://registry.npmjs.org/@node-rs/crc32-darwin-x64/-/crc32-darwin-x64-1.10.4.tgz",
            "integrity": "sha512-PCFt905HFFJvQE68Sc9eE/9LYxoC7hen29+WC0StIK21B2P+NorW7AgUW8kCv28NKDL3sPmIQHxXMWP7rDdRHw==",
            "cpu": [
                "x64"
            ],
            "optional": true,
            "os": [
                "darwin"
            ],
            "engines": {
                "node": ">= 10"
            }
        },
        "node_modules/@node-rs/crc32-freebsd-x64": {
            "version": "1.10.4",
            "resolved": "https://registry.npmjs.org/@node-rs/crc32-freebsd-x64/-/crc32-freebsd-x64-1.10.4.tgz",
            "integrity": "sha512-C3KJgyKiWLkFlcrWX04wkVIkSUiD+KCVG+yyLOVXUbQFdCjSbbEQx2MUpM7qcy5ZOAFj4/MZCYdMLgQ6qIgaAw==",
            "cpu": [
                "x64"
            ],
            "optional": true,
            "os": [
                "freebsd"
            ],
            "engines": {
                "node": ">= 10"
            }
        },
        "node_modules/@node-rs/crc32-linux-arm-gnueabihf": {
            "version": "1.10.4",
            "resolved": "https://registry.npmjs.org/@node-rs/crc32-linux-arm-gnueabihf/-/crc32-linux-arm-gnueabihf-1.10.4.tgz",
            "integrity": "sha512-YlP3IozMBJmZbytr3/J6fEF5GjWql3p+r3MzY0RctgPf9UdRwG7pjz81SUu6X6kNuDE2eoeKblG0hIPKCd1/Hw==",
            "cpu": [
                "arm"
            ],
            "optional": true,
            "os": [
                "linux"
            ],
            "engines": {
                "node": ">= 10"
            }
        },
        "node_modules/@node-rs/crc32-linux-arm64-gnu": {
            "version": "1.10.4",
            "resolved": "https://registry.npmjs.org/@node-rs/crc32-linux-arm64-gnu/-/crc32-linux-arm64-gnu-1.10.4.tgz",
            "integrity": "sha512-GETfDmFEmWQaULn+jjs6UJB/IS2olWToqt/PaMKfQwohMFuFEAMiWLue/aXM2Q78hgbTooc4m8iY0djevwXjBA==",
            "cpu": [
                "arm64"
            ],
            "optional": true,
            "os": [
                "linux"
            ],
            "engines": {
                "node": ">= 10"
            }
        },
        "node_modules/@node-rs/crc32-linux-arm64-musl": {
            "version": "1.10.4",
            "resolved": "https://registry.npmjs.org/@node-rs/crc32-linux-arm64-musl/-/crc32-linux-arm64-musl-1.10.4.tgz",
            "integrity": "sha512-629LGgGC2/h9HSM0m0sdhCNBap3QWyTQy85RB8AnywsA2R1XqeO7UH4VI5W5y5jFPeVusAkPZhYZJTGmlukZvA==",
            "cpu": [
                "arm64"
            ],
            "optional": true,
            "os": [
                "linux"
            ],
            "engines": {
                "node": ">= 10"
            }
        },
        "node_modules/@node-rs/crc32-linux-x64-gnu": {
            "version": "1.10.4",
            "resolved": "https://registry.npmjs.org/@node-rs/crc32-linux-x64-gnu/-/crc32-linux-x64-gnu-1.10.4.tgz",
            "integrity": "sha512-ifpmD7lpkhrgwnn8BMxoH/sgeCG+tAUSBvaQkSHLsKJfg+yZ2X/+Y9JvWA79/WaR8ksD01E0yr/tZ8t+Dp0p0w==",
            "cpu": [
                "x64"
            ],
            "optional": true,
            "os": [
                "linux"
            ],
            "engines": {
                "node": ">= 10"
            }
        },
        "node_modules/@node-rs/crc32-linux-x64-musl": {
            "version": "1.10.4",
            "resolved": "https://registry.npmjs.org/@node-rs/crc32-linux-x64-musl/-/crc32-linux-x64-musl-1.10.4.tgz",
            "integrity": "sha512-grAfrxC/bIENFnJx2w55NIMg5x8DrMQbumSrturVBmbraozgFO6DaBg/g/pnzQvJbkuhXk920pLFwz5OeuxqzA==",
            "cpu": [
                "x64"
            ],
            "optional": true,
            "os": [
                "linux"
            ],
            "engines": {
                "node": ">= 10"
            }
        },
        "node_modules/@node-rs/crc32-wasm32-wasi": {
            "version": "1.10.4",
            "resolved": "https://registry.npmjs.org/@node-rs/crc32-wasm32-wasi/-/crc32-wasm32-wasi-1.10.4.tgz",
            "integrity": "sha512-nlhG9PlPDsISBC8m2lp5DTRe2uV3Y1UEnFU1lweu/llF9xb8alxQbRE2Vp2rsWJP0s+cwmGx7k3UUOUbnVkbqw==",
            "cpu": [
                "wasm32"
            ],
            "optional": true,
            "dependencies": {
                "@napi-rs/wasm-runtime": "^0.2.3"
            },
            "engines": {
                "node": ">=14.0.0"
            }
        },
        "node_modules/@node-rs/crc32-win32-arm64-msvc": {
            "version": "1.10.4",
            "resolved": "https://registry.npmjs.org/@node-rs/crc32-win32-arm64-msvc/-/crc32-win32-arm64-msvc-1.10.4.tgz",
            "integrity": "sha512-btYP7Xv2NmCkrXDE3dLqgh+2fTgvByu6NRfWV3++md4tCO8C88dCu9uLxW7cr0dt88cpC0f5Yx9pWFbURKA23Q==",
            "cpu": [
                "arm64"
            ],
            "optional": true,
            "os": [
                "win32"
            ],
            "engines": {
                "node": ">= 10"
            }
        },
        "node_modules/@node-rs/crc32-win32-ia32-msvc": {
            "version": "1.10.4",
            "resolved": "https://registry.npmjs.org/@node-rs/crc32-win32-ia32-msvc/-/crc32-win32-ia32-msvc-1.10.4.tgz",
            "integrity": "sha512-o+7Zq9seSWAmoiOmUlXMi44FFwiGkfGihnKIIMKN9DAmQEifHb7Y4RuNnjYpEwjwlOa3HQ8wjQazEhxFFdrbSw==",
            "cpu": [
                "ia32"
            ],
            "optional": true,
            "os": [
                "win32"
            ],
            "engines": {
                "node": ">= 10"
            }
        },
        "node_modules/@node-rs/crc32-win32-x64-msvc": {
            "version": "1.10.4",
            "resolved": "https://registry.npmjs.org/@node-rs/crc32-win32-x64-msvc/-/crc32-win32-x64-msvc-1.10.4.tgz",
            "integrity": "sha512-vnqwu4p7o9jvpjq8Xc1zuhw3jSaSkdVSSIFUralgOXKP6m+cbBbuOTeJZpsuf6C/diVNv6YocTBOlkhJqq0oGw==",
            "cpu": [
                "x64"
            ],
            "optional": true,
            "os": [
                "win32"
            ],
            "engines": {
                "node": ">= 10"
            }
        },
        "node_modules/@nodelib/fs.scandir": {
            "version": "2.1.5",
            "resolved": "https://registry.npmjs.org/@nodelib/fs.scandir/-/fs.scandir-2.1.5.tgz",
            "integrity": "sha512-vq24Bq3ym5HEQm2NKCr3yXDwjc7vTsEThRDnkp2DK9p1uqLR+DHurm/NOTo0KG7HYHU7eppKZj3MyqYuMBf62g==",
            "dependencies": {
                "@nodelib/fs.stat": "2.0.5",
                "run-parallel": "^1.1.9"
            },
            "engines": {
                "node": ">= 8"
            }
        },
        "node_modules/@nodelib/fs.stat": {
            "version": "2.0.5",
            "resolved": "https://registry.npmjs.org/@nodelib/fs.stat/-/fs.stat-2.0.5.tgz",
            "integrity": "sha512-RkhPPp2zrqDAQA/2jNhnztcPAlv64XdhIp7a7454A5ovI7Bukxgt7MX7udwAu3zg1DcpPU0rz3VV1SeaqvY4+A==",
            "engines": {
                "node": ">= 8"
            }
        },
        "node_modules/@nodelib/fs.walk": {
            "version": "1.2.8",
            "resolved": "https://registry.npmjs.org/@nodelib/fs.walk/-/fs.walk-1.2.8.tgz",
            "integrity": "sha512-oGB+UxlgWcgQkgwo8GcEGwemoTFt3FIO9ababBmaGwXIoBKZ+GTy0pP185beGg7Llih/NSHSV2XAs1lnznocSg==",
            "dependencies": {
                "@nodelib/fs.scandir": "2.1.5",
                "fastq": "^1.6.0"
            },
            "engines": {
                "node": ">= 8"
            }
        },
        "node_modules/@tybys/wasm-util": {
            "version": "0.9.0",
            "resolved": "https://registry.npmjs.org/@tybys/wasm-util/-/wasm-util-0.9.0.tgz",
            "integrity": "sha512-6+7nlbMVX/PVDCwaIQ8nTOPveOcFLSt8GcXdx8hD0bt39uWxYT88uXzqTd4fTvqta7oeUJqudepapKNt2DYJFw==",
            "optional": true,
            "dependencies": {
                "tslib": "^2.4.0"
            }
        },
        "node_modules/@types/adm-zip": {
            "version": "0.5.5",
            "resolved": "https://registry.npmjs.org/@types/adm-zip/-/adm-zip-0.5.5.tgz",
            "integrity": "sha512-YCGstVMjc4LTY5uK9/obvxBya93axZOVOyf2GSUulADzmLhYE45u2nAssCs/fWBs1Ifq5Vat75JTPwd5XZoPJw==",
            "dev": true,
            "dependencies": {
                "@types/node": "*"
            }
        },
        "node_modules/@types/node": {
            "version": "22.7.7",
            "resolved": "https://registry.npmjs.org/@types/node/-/node-22.7.7.tgz",
            "integrity": "sha512-SRxCrrg9CL/y54aiMCG3edPKdprgMVGDXjA3gB8UmmBW5TcXzRUYAh8EWzTnSJFAd1rgImPELza+A3bJ+qxz8Q==",
            "dev": true,
            "license": "MIT",
            "dependencies": {
                "undici-types": "~6.19.2"
            }
        },
        "node_modules/@types/yargs": {
            "version": "17.0.33",
            "resolved": "https://registry.npmjs.org/@types/yargs/-/yargs-17.0.33.tgz",
            "integrity": "sha512-WpxBCKWPLr4xSsHgz511rFJAM+wS28w2zEO1QDNY5zM/S8ok70NNfztH0xwhqKyaK0OHCbN98LDAZuy1ctxDkA==",
            "dev": true,
            "dependencies": {
                "@types/yargs-parser": "*"
            }
        },
        "node_modules/@types/yargs-parser": {
            "version": "21.0.3",
            "resolved": "https://registry.npmjs.org/@types/yargs-parser/-/yargs-parser-21.0.3.tgz",
            "integrity": "sha512-I4q9QU9MQv4oEOz4tAHJtNz1cwuLxn2F3xcc2iV5WdqLPpUnj30aUuxt1mAxYTG+oe8CZMV/+6rU4S4gRDzqtQ==",
            "dev": true
        },
        "node_modules/@types/yauzl-promise": {
            "version": "4.0.1",
            "resolved": "https://registry.npmjs.org/@types/yauzl-promise/-/yauzl-promise-4.0.1.tgz",
            "integrity": "sha512-qYEC3rJwqiJpdQ9b+bPNeuSY0c3JUM8vIuDy08qfuVN7xHm3ZDsHn2kGphUIB0ruEXrPGNXZ64nMUcu4fDjViQ==",
            "dev": true,
            "dependencies": {
                "@types/node": "*"
            }
        },
        "node_modules/ansi-regex": {
            "version": "6.1.0",
            "resolved": "https://registry.npmjs.org/ansi-regex/-/ansi-regex-6.1.0.tgz",
            "integrity": "sha512-7HSX4QQb4CspciLpVFwyRe79O3xsIZDDLER21kERQ71oaPodF8jL725AgJMFAYbooIqolJoRLuM81SpeUkpkvA==",
            "engines": {
                "node": ">=12"
            },
            "funding": {
                "url": "https://github.com/chalk/ansi-regex?sponsor=1"
            }
        },
        "node_modules/braces": {
            "version": "3.0.3",
            "resolved": "https://registry.npmjs.org/braces/-/braces-3.0.3.tgz",
            "integrity": "sha512-yQbXgO/OSZVD2IsiLlro+7Hf6Q18EJrKSEsdoMzKePKXct3gvD8oLcOQdIzGupr5Fj+EDe8gO/lxc1BzfMpxvA==",
            "dependencies": {
                "fill-range": "^7.1.1"
            },
            "engines": {
                "node": ">=8"
            }
        },
        "node_modules/chalk": {
            "version": "5.3.0",
            "resolved": "https://registry.npmjs.org/chalk/-/chalk-5.3.0.tgz",
            "integrity": "sha512-dLitG79d+GV1Nb/VYcCDFivJeK1hiukt9QjRNVOsUtTy1rR1YJsmpGGTZ3qJos+uw7WmWF4wUwBd9jxjocFC2w==",
            "engines": {
                "node": "^12.17.0 || ^14.13 || >=16.0.0"
            },
            "funding": {
                "url": "https://github.com/chalk/chalk?sponsor=1"
            }
        },
        "node_modules/cli-cursor": {
            "version": "5.0.0",
            "resolved": "https://registry.npmjs.org/cli-cursor/-/cli-cursor-5.0.0.tgz",
            "integrity": "sha512-aCj4O5wKyszjMmDT4tZj93kxyydN/K5zPWSCe6/0AV/AA1pqe5ZBIw0a2ZfPQV7lL5/yb5HsUreJ6UFAF1tEQw==",
            "dependencies": {
                "restore-cursor": "^5.0.0"
            },
            "engines": {
                "node": ">=18"
            },
            "funding": {
                "url": "https://github.com/sponsors/sindresorhus"
            }
        },
        "node_modules/cli-spinners": {
            "version": "2.9.2",
            "resolved": "https://registry.npmjs.org/cli-spinners/-/cli-spinners-2.9.2.tgz",
            "integrity": "sha512-ywqV+5MmyL4E7ybXgKys4DugZbX0FC6LnwrhjuykIjnK9k8OQacQ7axGKnjDXWNhns0xot3bZI5h55H8yo9cJg==",
            "engines": {
                "node": ">=6"
            },
            "funding": {
                "url": "https://github.com/sponsors/sindresorhus"
            }
        },
        "node_modules/commander": {
            "version": "12.1.0",
            "resolved": "https://registry.npmjs.org/commander/-/commander-12.1.0.tgz",
            "integrity": "sha512-Vw8qHK3bZM9y/P10u3Vib8o/DdkvA2OtPtZvD871QKjy74Wj1WSKFILMPRPSdUSx5RFK1arlJzEtA4PkFgnbuA==",
            "engines": {
                "node": ">=18"
            }
        },
        "node_modules/define-data-property": {
            "version": "1.1.4",
            "resolved": "https://registry.npmjs.org/define-data-property/-/define-data-property-1.1.4.tgz",
            "integrity": "sha512-rBMvIzlpA8v6E+SJZoo++HAYqsLrkg7MSfIinMPFhmkorw7X+dOXVJQs+QT69zGkzMyfDnIMN2Wid1+NbL3T+A==",
            "dependencies": {
                "es-define-property": "^1.0.0",
                "es-errors": "^1.3.0",
                "gopd": "^1.0.1"
            },
            "engines": {
                "node": ">= 0.4"
            },
            "funding": {
                "url": "https://github.com/sponsors/ljharb"
            }
        },
        "node_modules/define-properties": {
            "version": "1.2.1",
            "resolved": "https://registry.npmjs.org/define-properties/-/define-properties-1.2.1.tgz",
            "integrity": "sha512-8QmQKqEASLd5nx0U1B1okLElbUuuttJ/AnYmRXbbbGDWh6uS208EjD4Xqq/I9wK7u0v6O08XhTWnt5XtEbR6Dg==",
            "dependencies": {
                "define-data-property": "^1.0.1",
                "has-property-descriptors": "^1.0.0",
                "object-keys": "^1.1.1"
            },
            "engines": {
                "node": ">= 0.4"
            },
            "funding": {
                "url": "https://github.com/sponsors/ljharb"
            }
        },
        "node_modules/emoji-regex": {
            "version": "10.4.0",
            "resolved": "https://registry.npmjs.org/emoji-regex/-/emoji-regex-10.4.0.tgz",
            "integrity": "sha512-EC+0oUMY1Rqm4O6LLrgjtYDvcVYTy7chDnM4Q7030tP4Kwj3u/pR6gP9ygnp2CJMK5Gq+9Q2oqmrFJAz01DXjw=="
        },
        "node_modules/es-define-property": {
            "version": "1.0.0",
            "resolved": "https://registry.npmjs.org/es-define-property/-/es-define-property-1.0.0.tgz",
            "integrity": "sha512-jxayLKShrEqqzJ0eumQbVhTYQM27CfT1T35+gCgDFoL82JLsXqTJ76zv6A0YLOgEnLUMvLzsDsGIrl8NFpT2gQ==",
            "dependencies": {
                "get-intrinsic": "^1.2.4"
            },
            "engines": {
                "node": ">= 0.4"
            }
        },
        "node_modules/es-errors": {
            "version": "1.3.0",
            "resolved": "https://registry.npmjs.org/es-errors/-/es-errors-1.3.0.tgz",
            "integrity": "sha512-Zf5H2Kxt2xjTvbJvP2ZWLEICxA6j+hAmMzIlypy4xcBg1vKVnx89Wy0GbS+kf5cwCVFFzdCFh2XSCFNULS6csw==",
            "engines": {
                "node": ">= 0.4"
            }
        },
        "node_modules/fast-glob": {
            "version": "3.3.2",
            "resolved": "https://registry.npmjs.org/fast-glob/-/fast-glob-3.3.2.tgz",
            "integrity": "sha512-oX2ruAFQwf/Orj8m737Y5adxDQO0LAB7/S5MnxCdTNDd4p6BsyIVsv9JQsATbTSq8KHRpLwIHbVlUNatxd+1Ow==",
            "dependencies": {
                "@nodelib/fs.stat": "^2.0.2",
                "@nodelib/fs.walk": "^1.2.3",
                "glob-parent": "^5.1.2",
                "merge2": "^1.3.0",
                "micromatch": "^4.0.4"
            },
            "engines": {
                "node": ">=8.6.0"
            }
        },
        "node_modules/fastq": {
            "version": "1.17.1",
            "resolved": "https://registry.npmjs.org/fastq/-/fastq-1.17.1.tgz",
            "integrity": "sha512-sRVD3lWVIXWg6By68ZN7vho9a1pQcN/WBFaAAsDDFzlJjvoGx0P8z7V1t72grFJfJhu3YPZBuu25f7Kaw2jN1w==",
            "dependencies": {
                "reusify": "^1.0.4"
            }
        },
        "node_modules/fill-range": {
            "version": "7.1.1",
            "resolved": "https://registry.npmjs.org/fill-range/-/fill-range-7.1.1.tgz",
            "integrity": "sha512-YsGpe3WHLK8ZYi4tWDg2Jy3ebRz2rXowDxnld4bkQB00cc/1Zw9AWnC0i9ztDJitivtQvaI9KaLyKrc+hBW0yg==",
            "dependencies": {
                "to-regex-range": "^5.0.1"
            },
            "engines": {
                "node": ">=8"
            }
        },
        "node_modules/function-bind": {
            "version": "1.1.2",
            "resolved": "https://registry.npmjs.org/function-bind/-/function-bind-1.1.2.tgz",
            "integrity": "sha512-7XHNxH7qX9xG5mIwxkhumTox/MIRNcOgDrxWsMt2pAr23WHp6MrRlN7FBSFpCpr+oVO0F744iUgR82nJMfG2SA==",
            "funding": {
                "url": "https://github.com/sponsors/ljharb"
            }
        },
        "node_modules/get-east-asian-width": {
            "version": "1.2.0",
            "resolved": "https://registry.npmjs.org/get-east-asian-width/-/get-east-asian-width-1.2.0.tgz",
            "integrity": "sha512-2nk+7SIVb14QrgXFHcm84tD4bKQz0RxPuMT8Ag5KPOq7J5fEmAg0UbXdTOSHqNuHSU28k55qnceesxXRZGzKWA==",
            "engines": {
                "node": ">=18"
            },
            "funding": {
                "url": "https://github.com/sponsors/sindresorhus"
            }
        },
        "node_modules/get-intrinsic": {
            "version": "1.2.4",
            "resolved": "https://registry.npmjs.org/get-intrinsic/-/get-intrinsic-1.2.4.tgz",
            "integrity": "sha512-5uYhsJH8VJBTv7oslg4BznJYhDoRI6waYCxMmCdnTrcCrHA/fCFKoTFz2JKKE0HdDFUF7/oQuhzumXJK7paBRQ==",
            "dependencies": {
                "es-errors": "^1.3.0",
                "function-bind": "^1.1.2",
                "has-proto": "^1.0.1",
                "has-symbols": "^1.0.3",
                "hasown": "^2.0.0"
            },
            "engines": {
                "node": ">= 0.4"
            },
            "funding": {
                "url": "https://github.com/sponsors/ljharb"
            }
        },
        "node_modules/glob-parent": {
            "version": "5.1.2",
            "resolved": "https://registry.npmjs.org/glob-parent/-/glob-parent-5.1.2.tgz",
            "integrity": "sha512-AOIgSQCepiJYwP3ARnGx+5VnTu2HBYdzbGP45eLw1vr3zB3vZLeyed1sC9hnbcOc9/SrMyM5RPQrkGz4aS9Zow==",
            "dependencies": {
                "is-glob": "^4.0.1"
            },
            "engines": {
                "node": ">= 6"
            }
        },
        "node_modules/globalthis": {
            "version": "1.0.4",
            "resolved": "https://registry.npmjs.org/globalthis/-/globalthis-1.0.4.tgz",
            "integrity": "sha512-DpLKbNU4WylpxJykQujfCcwYWiV/Jhm50Goo0wrVILAv5jOr9d+H+UR3PhSCD2rCCEIg0uc+G+muBTwD54JhDQ==",
            "dependencies": {
                "define-properties": "^1.2.1",
                "gopd": "^1.0.1"
            },
            "engines": {
                "node": ">= 0.4"
            },
            "funding": {
                "url": "https://github.com/sponsors/ljharb"
            }
        },
        "node_modules/gopd": {
            "version": "1.0.1",
            "resolved": "https://registry.npmjs.org/gopd/-/gopd-1.0.1.tgz",
            "integrity": "sha512-d65bNlIadxvpb/A2abVdlqKqV563juRnZ1Wtk6s1sIR8uNsXR70xqIzVqxVf1eTqDunwT2MkczEeaezCKTZhwA==",
            "dependencies": {
                "get-intrinsic": "^1.1.3"
            },
            "funding": {
                "url": "https://github.com/sponsors/ljharb"
            }
        },
        "node_modules/has-property-descriptors": {
            "version": "1.0.2",
            "resolved": "https://registry.npmjs.org/has-property-descriptors/-/has-property-descriptors-1.0.2.tgz",
            "integrity": "sha512-55JNKuIW+vq4Ke1BjOTjM2YctQIvCT7GFzHwmfZPGo5wnrgkid0YQtnAleFSqumZm4az3n2BS+erby5ipJdgrg==",
            "dependencies": {
                "es-define-property": "^1.0.0"
            },
            "funding": {
                "url": "https://github.com/sponsors/ljharb"
            }
        },
        "node_modules/has-proto": {
            "version": "1.0.3",
            "resolved": "https://registry.npmjs.org/has-proto/-/has-proto-1.0.3.tgz",
            "integrity": "sha512-SJ1amZAJUiZS+PhsVLf5tGydlaVB8EdFpaSO4gmiUKUOxk8qzn5AIy4ZeJUmh22znIdk/uMAUT2pl3FxzVUH+Q==",
            "engines": {
                "node": ">= 0.4"
            },
            "funding": {
                "url": "https://github.com/sponsors/ljharb"
            }
        },
        "node_modules/has-symbols": {
            "version": "1.0.3",
            "resolved": "https://registry.npmjs.org/has-symbols/-/has-symbols-1.0.3.tgz",
            "integrity": "sha512-l3LCuF6MgDNwTDKkdYGEihYjt5pRPbEg46rtlmnSPlUbgmB8LOIrKJbYYFBSbnPaJexMKtiPO8hmeRjRz2Td+A==",
            "engines": {
                "node": ">= 0.4"
            },
            "funding": {
                "url": "https://github.com/sponsors/ljharb"
            }
        },
        "node_modules/hasown": {
            "version": "2.0.2",
            "resolved": "https://registry.npmjs.org/hasown/-/hasown-2.0.2.tgz",
            "integrity": "sha512-0hJU9SCPvmMzIBdZFqNPXWa6dqh7WdH0cII9y+CyS8rG3nL48Bclra9HmKhVVUHyPWNH5Y7xDwAB7bfgSjkUMQ==",
            "dependencies": {
                "function-bind": "^1.1.2"
            },
            "engines": {
                "node": ">= 0.4"
            }
        },
        "node_modules/is-extglob": {
            "version": "2.1.1",
            "resolved": "https://registry.npmjs.org/is-extglob/-/is-extglob-2.1.1.tgz",
            "integrity": "sha512-SbKbANkN603Vi4jEZv49LeVJMn4yGwsbzZworEoyEiutsN3nJYdbO36zfhGJ6QEDpOZIFkDtnq5JRxmvl3jsoQ==",
            "engines": {
                "node": ">=0.10.0"
            }
        },
        "node_modules/is-glob": {
            "version": "4.0.3",
            "resolved": "https://registry.npmjs.org/is-glob/-/is-glob-4.0.3.tgz",
            "integrity": "sha512-xelSayHH36ZgE7ZWhli7pW34hNbNl8Ojv5KVmkJD4hBdD3th8Tfk9vYasLM+mXWOZhFkgZfxhLSnrwRr4elSSg==",
            "dependencies": {
                "is-extglob": "^2.1.1"
            },
            "engines": {
                "node": ">=0.10.0"
            }
        },
        "node_modules/is-interactive": {
            "version": "2.0.0",
            "resolved": "https://registry.npmjs.org/is-interactive/-/is-interactive-2.0.0.tgz",
            "integrity": "sha512-qP1vozQRI+BMOPcjFzrjXuQvdak2pHNUMZoeG2eRbiSqyvbEf/wQtEOTOX1guk6E3t36RkaqiSt8A/6YElNxLQ==",
            "engines": {
                "node": ">=12"
            },
            "funding": {
                "url": "https://github.com/sponsors/sindresorhus"
            }
        },
        "node_modules/is-it-type": {
            "version": "5.1.2",
            "resolved": "https://registry.npmjs.org/is-it-type/-/is-it-type-5.1.2.tgz",
            "integrity": "sha512-q/gOZQTNYABAxaXWnBKZjTFH4yACvWEFtgVOj+LbgxYIgAJG1xVmUZOsECSrZPIemYUQvaQWVilSFVbh4Eyt8A==",
            "dependencies": {
                "@babel/runtime": "^7.16.7",
                "globalthis": "^1.0.2"
            },
            "engines": {
                "node": ">=12"
            }
        },
        "node_modules/is-number": {
            "version": "7.0.0",
            "resolved": "https://registry.npmjs.org/is-number/-/is-number-7.0.0.tgz",
            "integrity": "sha512-41Cifkg6e8TylSpdtTpeLVMqvSBEVzTttHvERD741+pnZ8ANv0004MRL43QKPDlK9cGvNp6NZWZUBlbGXYxxng==",
            "engines": {
                "node": ">=0.12.0"
            }
        },
        "node_modules/is-unicode-supported": {
            "version": "2.1.0",
            "resolved": "https://registry.npmjs.org/is-unicode-supported/-/is-unicode-supported-2.1.0.tgz",
            "integrity": "sha512-mE00Gnza5EEB3Ds0HfMyllZzbBrmLOX3vfWoj9A9PEnTfratQ/BcaJOuMhnkhjXvb2+FkY3VuHqtAGpTPmglFQ==",
            "engines": {
                "node": ">=18"
            },
            "funding": {
                "url": "https://github.com/sponsors/sindresorhus"
            }
        },
        "node_modules/kleur": {
            "version": "3.0.3",
            "resolved": "https://registry.npmjs.org/kleur/-/kleur-3.0.3.tgz",
            "integrity": "sha512-eTIzlVOSUR+JxdDFepEYcBMtZ9Qqdef+rnzWdRZuMbOywu5tO2w2N7rqjoANZ5k9vywhL6Br1VRjUIgTQx4E8w==",
            "license": "MIT",
            "engines": {
                "node": ">=6"
            }
        },
        "node_modules/log-symbols": {
            "version": "6.0.0",
            "resolved": "https://registry.npmjs.org/log-symbols/-/log-symbols-6.0.0.tgz",
            "integrity": "sha512-i24m8rpwhmPIS4zscNzK6MSEhk0DUWa/8iYQWxhffV8jkI4Phvs3F+quL5xvS0gdQR0FyTCMMH33Y78dDTzzIw==",
            "dependencies": {
                "chalk": "^5.3.0",
                "is-unicode-supported": "^1.3.0"
            },
            "engines": {
                "node": ">=18"
            },
            "funding": {
                "url": "https://github.com/sponsors/sindresorhus"
            }
        },
        "node_modules/log-symbols/node_modules/is-unicode-supported": {
            "version": "1.3.0",
            "resolved": "https://registry.npmjs.org/is-unicode-supported/-/is-unicode-supported-1.3.0.tgz",
            "integrity": "sha512-43r2mRvz+8JRIKnWJ+3j8JtjRKZ6GmjzfaE/qiBJnikNnYv/6bagRJ1kUhNk8R5EX/GkobD+r+sfxCPJsiKBLQ==",
            "engines": {
                "node": ">=12"
            },
            "funding": {
                "url": "https://github.com/sponsors/sindresorhus"
            }
        },
        "node_modules/merge2": {
            "version": "1.4.1",
            "resolved": "https://registry.npmjs.org/merge2/-/merge2-1.4.1.tgz",
            "integrity": "sha512-8q7VEgMJW4J8tcfVPy8g09NcQwZdbwFEqhe/WZkoIzjn/3TGDwtOCYtXGxA3O8tPzpczCCDgv+P2P5y00ZJOOg==",
            "engines": {
                "node": ">= 8"
            }
        },
        "node_modules/micromatch": {
            "version": "4.0.8",
            "resolved": "https://registry.npmjs.org/micromatch/-/micromatch-4.0.8.tgz",
            "integrity": "sha512-PXwfBhYu0hBCPw8Dn0E+WDYb7af3dSLVWKi3HGv84IdF4TyFoC0ysxFd0Goxw7nSv4T/PzEJQxsYsEiFCKo2BA==",
            "dependencies": {
                "braces": "^3.0.3",
                "picomatch": "^2.3.1"
            },
            "engines": {
                "node": ">=8.6"
            }
        },
        "node_modules/mimic-function": {
            "version": "5.0.1",
            "resolved": "https://registry.npmjs.org/mimic-function/-/mimic-function-5.0.1.tgz",
            "integrity": "sha512-VP79XUPxV2CigYP3jWwAUFSku2aKqBH7uTAapFWCBqutsbmDo96KY5o8uh6U+/YSIn5OxJnXp73beVkpqMIGhA==",
            "engines": {
                "node": ">=18"
            },
            "funding": {
                "url": "https://github.com/sponsors/sindresorhus"
            }
        },
        "node_modules/object-keys": {
            "version": "1.1.1",
            "resolved": "https://registry.npmjs.org/object-keys/-/object-keys-1.1.1.tgz",
            "integrity": "sha512-NuAESUOUMrlIXOfHKzD6bpPu3tYt3xvjNdRIQ+FeT0lNb4K8WR70CaDxhuNguS2XG+GjkyMwOzsN5ZktImfhLA==",
            "engines": {
                "node": ">= 0.4"
            }
        },
        "node_modules/onetime": {
            "version": "7.0.0",
            "resolved": "https://registry.npmjs.org/onetime/-/onetime-7.0.0.tgz",
            "integrity": "sha512-VXJjc87FScF88uafS3JllDgvAm+c/Slfz06lorj2uAY34rlUu0Nt+v8wreiImcrgAjjIHp1rXpTDlLOGw29WwQ==",
            "dependencies": {
                "mimic-function": "^5.0.0"
            },
            "engines": {
                "node": ">=18"
            },
            "funding": {
                "url": "https://github.com/sponsors/sindresorhus"
            }
        },
        "node_modules/ora": {
            "version": "8.1.0",
            "resolved": "https://registry.npmjs.org/ora/-/ora-8.1.0.tgz",
            "integrity": "sha512-GQEkNkH/GHOhPFXcqZs3IDahXEQcQxsSjEkK4KvEEST4t7eNzoMjxTzef+EZ+JluDEV+Raoi3WQ2CflnRdSVnQ==",
            "dependencies": {
                "chalk": "^5.3.0",
                "cli-cursor": "^5.0.0",
                "cli-spinners": "^2.9.2",
                "is-interactive": "^2.0.0",
                "is-unicode-supported": "^2.0.0",
                "log-symbols": "^6.0.0",
                "stdin-discarder": "^0.2.2",
                "string-width": "^7.2.0",
                "strip-ansi": "^7.1.0"
            },
            "engines": {
                "node": ">=18"
            },
            "funding": {
                "url": "https://github.com/sponsors/sindresorhus"
            }
        },
        "node_modules/picomatch": {
            "version": "2.3.1",
            "resolved": "https://registry.npmjs.org/picomatch/-/picomatch-2.3.1.tgz",
            "integrity": "sha512-JU3teHTNjmE2VCGFzuY8EXzCDVwEqB2a8fsIvwaStHhAWJEeVd1o1QD80CU6+ZdEXXSLbSsuLwJjkCBWqRQUVA==",
            "engines": {
                "node": ">=8.6"
            },
            "funding": {
                "url": "https://github.com/sponsors/jonschlinkert"
            }
        },
        "node_modules/prompts": {
            "version": "2.4.2",
            "resolved": "https://registry.npmjs.org/prompts/-/prompts-2.4.2.tgz",
            "integrity": "sha512-NxNv/kLguCA7p3jE8oL2aEBsrJWgAakBpgmgK6lpPWV+WuOmY6r2/zbAVnP+T8bQlA0nzHXSJSJW0Hq7ylaD2Q==",
            "license": "MIT",
            "dependencies": {
                "kleur": "^3.0.3",
                "sisteransi": "^1.0.5"
            },
            "engines": {
                "node": ">= 6"
            }
        },
        "node_modules/queue-microtask": {
            "version": "1.2.3",
            "resolved": "https://registry.npmjs.org/queue-microtask/-/queue-microtask-1.2.3.tgz",
            "integrity": "sha512-NuaNSa6flKT5JaSYQzJok04JzTL1CA6aGhv5rfLW3PgqA+M2ChpZQnAC8h8i4ZFkBS8X5RqkDBHA7r4hej3K9A==",
            "funding": [
                {
                    "type": "github",
                    "url": "https://github.com/sponsors/feross"
                },
                {
                    "type": "patreon",
                    "url": "https://www.patreon.com/feross"
                },
                {
                    "type": "consulting",
                    "url": "https://feross.org/support"
                }
            ]
        },
        "node_modules/regenerator-runtime": {
            "version": "0.14.1",
            "resolved": "https://registry.npmjs.org/regenerator-runtime/-/regenerator-runtime-0.14.1.tgz",
            "integrity": "sha512-dYnhHh0nJoMfnkZs6GmmhFknAGRrLznOu5nc9ML+EJxGvrx6H7teuevqVqCuPcPK//3eDrrjQhehXVx9cnkGdw=="
        },
        "node_modules/restore-cursor": {
            "version": "5.1.0",
            "resolved": "https://registry.npmjs.org/restore-cursor/-/restore-cursor-5.1.0.tgz",
            "integrity": "sha512-oMA2dcrw6u0YfxJQXm342bFKX/E4sG9rbTzO9ptUcR/e8A33cHuvStiYOwH7fszkZlZ1z/ta9AAoPk2F4qIOHA==",
            "dependencies": {
                "onetime": "^7.0.0",
                "signal-exit": "^4.1.0"
            },
            "engines": {
                "node": ">=18"
            },
            "funding": {
                "url": "https://github.com/sponsors/sindresorhus"
            }
        },
        "node_modules/reusify": {
            "version": "1.0.4",
            "resolved": "https://registry.npmjs.org/reusify/-/reusify-1.0.4.tgz",
            "integrity": "sha512-U9nH88a3fc/ekCF1l0/UP1IosiuIjyTh7hBvXVMHYgVcfGvt897Xguj2UOLDeI5BG2m7/uwyaLVT6fbtCwTyzw==",
            "engines": {
                "iojs": ">=1.0.0",
                "node": ">=0.10.0"
            }
        },
        "node_modules/run-parallel": {
            "version": "1.2.0",
            "resolved": "https://registry.npmjs.org/run-parallel/-/run-parallel-1.2.0.tgz",
            "integrity": "sha512-5l4VyZR86LZ/lDxZTR6jqL8AFE2S0IFLMP26AbjsLVADxHdhB/c0GUsH+y39UfCi3dzz8OlQuPmnaJOMoDHQBA==",
            "funding": [
                {
                    "type": "github",
                    "url": "https://github.com/sponsors/feross"
                },
                {
                    "type": "patreon",
                    "url": "https://www.patreon.com/feross"
                },
                {
                    "type": "consulting",
                    "url": "https://feross.org/support"
                }
            ],
            "dependencies": {
                "queue-microtask": "^1.2.2"
            }
        },
        "node_modules/signal-exit": {
            "version": "4.1.0",
            "resolved": "https://registry.npmjs.org/signal-exit/-/signal-exit-4.1.0.tgz",
            "integrity": "sha512-bzyZ1e88w9O1iNJbKnOlvYTrWPDl46O1bG0D3XInv+9tkPrxrN8jUUTiFlDkkmKWgn1M6CfIA13SuGqOa9Korw==",
            "engines": {
                "node": ">=14"
            },
            "funding": {
                "url": "https://github.com/sponsors/isaacs"
            }
        },
        "node_modules/simple-invariant": {
            "version": "2.0.1",
            "resolved": "https://registry.npmjs.org/simple-invariant/-/simple-invariant-2.0.1.tgz",
            "integrity": "sha512-1sbhsxqI+I2tqlmjbz99GXNmZtr6tKIyEgGGnJw/MKGblalqk/XoOYYFJlBzTKZCxx8kLaD3FD5s9BEEjx5Pyg==",
            "engines": {
                "node": ">=10"
            }
        },
        "node_modules/sisteransi": {
            "version": "1.0.5",
            "resolved": "https://registry.npmjs.org/sisteransi/-/sisteransi-1.0.5.tgz",
            "integrity": "sha512-bLGGlR1QxBcynn2d5YmDX4MGjlZvy2MRBDRNHLJ8VI6l6+9FUiyTFNJ0IveOSP0bcXgVDPRcfGqA0pjaqUpfVg==",
            "license": "MIT"
        },
        "node_modules/stdin-discarder": {
            "version": "0.2.2",
            "resolved": "https://registry.npmjs.org/stdin-discarder/-/stdin-discarder-0.2.2.tgz",
            "integrity": "sha512-UhDfHmA92YAlNnCfhmq0VeNL5bDbiZGg7sZ2IvPsXubGkiNa9EC+tUTsjBRsYUAz87btI6/1wf4XoVvQ3uRnmQ==",
            "engines": {
                "node": ">=18"
            },
            "funding": {
                "url": "https://github.com/sponsors/sindresorhus"
            }
        },
        "node_modules/string-width": {
            "version": "7.2.0",
            "resolved": "https://registry.npmjs.org/string-width/-/string-width-7.2.0.tgz",
            "integrity": "sha512-tsaTIkKW9b4N+AEj+SVA+WhJzV7/zMhcSu78mLKWSk7cXMOSHsBKFWUs0fWwq8QyK3MgJBQRX6Gbi4kYbdvGkQ==",
            "dependencies": {
                "emoji-regex": "^10.3.0",
                "get-east-asian-width": "^1.0.0",
                "strip-ansi": "^7.1.0"
            },
            "engines": {
                "node": ">=18"
            },
            "funding": {
                "url": "https://github.com/sponsors/sindresorhus"
            }
        },
        "node_modules/strip-ansi": {
            "version": "7.1.0",
            "resolved": "https://registry.npmjs.org/strip-ansi/-/strip-ansi-7.1.0.tgz",
            "integrity": "sha512-iq6eVVI64nQQTRYq2KtEg2d2uU7LElhTJwsH4YzIHZshxlgZms/wIc4VoDQTlG/IvVIrBKG06CrZnp0qv7hkcQ==",
            "dependencies": {
                "ansi-regex": "^6.0.1"
            },
            "engines": {
                "node": ">=12"
            },
            "funding": {
                "url": "https://github.com/chalk/strip-ansi?sponsor=1"
            }
        },
        "node_modules/to-regex-range": {
            "version": "5.0.1",
            "resolved": "https://registry.npmjs.org/to-regex-range/-/to-regex-range-5.0.1.tgz",
            "integrity": "sha512-65P7iz6X5yEr1cwcgvQxbbIw7Uk3gOy5dIdtZ4rDveLqhrdJP+Li/Hx6tyK0NEb+2GCyneCMJiGqrADCSNk8sQ==",
            "dependencies": {
                "is-number": "^7.0.0"
            },
            "engines": {
                "node": ">=8.0"
            }
        },
        "node_modules/tslib": {
            "version": "2.7.0",
            "resolved": "https://registry.npmjs.org/tslib/-/tslib-2.7.0.tgz",
            "integrity": "sha512-gLXCKdN1/j47AiHiOkJN69hJmcbGTHI0ImLmbYLHykhgeN0jVGola9yVjFgzCUklsZQMW55o+dW7IXv3RCXDzA==",
            "optional": true
        },
        "node_modules/undici-types": {
            "version": "6.19.8",
            "resolved": "https://registry.npmjs.org/undici-types/-/undici-types-6.19.8.tgz",
            "integrity": "sha512-ve2KP6f/JnbPBFyobGHuerC9g1FYGn/F8n1LWTwNxCEzd6IfqTwUQcNXgEtmmQ6DlRrC1hrSrBnCZPokRrDHjw==",
            "dev": true
        },
        "node_modules/uuid": {
            "version": "10.0.0",
            "resolved": "https://registry.npmjs.org/uuid/-/uuid-10.0.0.tgz",
            "integrity": "sha512-8XkAphELsDnEGrDxUOHB3RGvXz6TeuYSGEZBOjtTtPm2lwhGBjLgOzLHB63IUWfBpNucQjND6d3AOudO+H3RWQ==",
            "funding": [
                "https://github.com/sponsors/broofa",
                "https://github.com/sponsors/ctavan"
            ],
            "license": "MIT",
            "bin": {
                "uuid": "dist/bin/uuid"
            }
        },
        "node_modules/yauzl-promise": {
            "version": "4.0.0",
            "resolved": "https://registry.npmjs.org/yauzl-promise/-/yauzl-promise-4.0.0.tgz",
            "integrity": "sha512-/HCXpyHXJQQHvFq9noqrjfa/WpQC2XYs3vI7tBiAi4QiIU1knvYhZGaO1QPjwIVMdqflxbmwgMXtYeaRiAE0CA==",
            "dependencies": {
                "@node-rs/crc32": "^1.7.0",
                "is-it-type": "^5.1.2",
                "simple-invariant": "^2.0.1"
            },
            "engines": {
                "node": ">=16"
            }
        }
    }
}
